// !$*UTF8*$!
{
	archiveVersion = 1;
	classes = {
	};
	objectVersion = 56;
	objects = {

/* Begin PBXBuildFile section */
		124ADB30E50F70A19A871500 /* Pods_AppStore.framework in Frameworks */ = {isa = PBXBuildFile; fileRef = D24F039138F1C226613EA333 /* Pods_AppStore.framework */; };
		432395732A0015DB00FE0008 /* AppsPageController.swift in Sources */ = {isa = PBXBuildFile; fileRef = 432395722A0015DB00FE0008 /* AppsPageController.swift */; };
		432395752A0016BC00FE0008 /* BaseListController.swift in Sources */ = {isa = PBXBuildFile; fileRef = 432395742A0016BC00FE0008 /* BaseListController.swift */; };
		4323957B2A001B0700FE0008 /* AppsGroupCell.swift in Sources */ = {isa = PBXBuildFile; fileRef = 4323957A2A001B0700FE0008 /* AppsGroupCell.swift */; };
		4323957D2A0025D500FE0008 /* AppsHorizontalController.swift in Sources */ = {isa = PBXBuildFile; fileRef = 4323957C2A0025D500FE0008 /* AppsHorizontalController.swift */; };
		4323957F2A0044F700FE0008 /* AppRowCell.swift in Sources */ = {isa = PBXBuildFile; fileRef = 4323957E2A0044F700FE0008 /* AppRowCell.swift */; };
		432689CF2A06E288004E09C0 /* HeaderResult.swift in Sources */ = {isa = PBXBuildFile; fileRef = 432689CE2A06E288004E09C0 /* HeaderResult.swift */; };
		432A80C52A16B41C000E8F8A /* AppFullscreenHeaderCell.swift in Sources */ = {isa = PBXBuildFile; fileRef = 432A80C42A16B41C000E8F8A /* AppFullscreenHeaderCell.swift */; };
		4345CF4029FAD6250059F907 /* SearchResultCell.swift in Sources */ = {isa = PBXBuildFile; fileRef = 4345CF3F29FAD6250059F907 /* SearchResultCell.swift */; };
		4345CF4329FB16530059F907 /* UIView+Layout.swift in Sources */ = {isa = PBXBuildFile; fileRef = 4345CF4229FB16530059F907 /* UIView+Layout.swift */; };
		4345CF4529FB2D470059F907 /* VerticalStackView.swift in Sources */ = {isa = PBXBuildFile; fileRef = 4345CF4429FB2D470059F907 /* VerticalStackView.swift */; };
		434D14E629F867C5003C7216 /* AppDelegate.swift in Sources */ = {isa = PBXBuildFile; fileRef = 434D14E529F867C5003C7216 /* AppDelegate.swift */; };
		434D14E829F867C5003C7216 /* SceneDelegate.swift in Sources */ = {isa = PBXBuildFile; fileRef = 434D14E729F867C5003C7216 /* SceneDelegate.swift */; };
		434D14EA29F867C5003C7216 /* ViewController.swift in Sources */ = {isa = PBXBuildFile; fileRef = 434D14E929F867C5003C7216 /* ViewController.swift */; };
		434D14EF29F867C6003C7216 /* Assets.xcassets in Resources */ = {isa = PBXBuildFile; fileRef = 434D14EE29F867C6003C7216 /* Assets.xcassets */; };
		434D14F229F867C6003C7216 /* LaunchScreen.storyboard in Resources */ = {isa = PBXBuildFile; fileRef = 434D14F029F867C6003C7216 /* LaunchScreen.storyboard */; };
		434EB9B829F99A5C00418A96 /* MainTabBarController.swift in Sources */ = {isa = PBXBuildFile; fileRef = 434EB9B729F99A5C00418A96 /* MainTabBarController.swift */; };
		434EB9BB29F9DAAF00418A96 /* AppsSearchController.swift in Sources */ = {isa = PBXBuildFile; fileRef = 434EB9BA29F9DAAF00418A96 /* AppsSearchController.swift */; };
		4350858A2A0A965A00C8D2F2 /* AppsDetailController.swift in Sources */ = {isa = PBXBuildFile; fileRef = 435085892A0A965A00C8D2F2 /* AppsDetailController.swift */; };
		4350858D2A0AC38B00C8D2F2 /* AppsDetailCell.swift in Sources */ = {isa = PBXBuildFile; fileRef = 4350858C2A0AC38B00C8D2F2 /* AppsDetailCell.swift */; };
		4350858F2A0CF67E00C8D2F2 /* PreviewCell.swift in Sources */ = {isa = PBXBuildFile; fileRef = 4350858E2A0CF67E00C8D2F2 /* PreviewCell.swift */; };
		435085912A0CFA3A00C8D2F2 /* PreviewScreenshotsController.swift in Sources */ = {isa = PBXBuildFile; fileRef = 435085902A0CFA3A00C8D2F2 /* PreviewScreenshotsController.swift */; };
		435085932A0D67E500C8D2F2 /* ReviewRowCell.swift in Sources */ = {isa = PBXBuildFile; fileRef = 435085922A0D67E500C8D2F2 /* ReviewRowCell.swift */; };
		435085972A0D6BC200C8D2F2 /* ReviewController.swift in Sources */ = {isa = PBXBuildFile; fileRef = 435085962A0D6BC200C8D2F2 /* ReviewController.swift */; };
		435085992A0D6D9100C8D2F2 /* ReviewCell.swift in Sources */ = {isa = PBXBuildFile; fileRef = 435085982A0D6D9100C8D2F2 /* ReviewCell.swift */; };
		4350859B2A0EC85E00C8D2F2 /* ReviewResult.swift in Sources */ = {isa = PBXBuildFile; fileRef = 4350859A2A0EC85E00C8D2F2 /* ReviewResult.swift */; };
		4359C15F2A1D205F007355D9 /* TodayMultipleAppController.swift in Sources */ = {isa = PBXBuildFile; fileRef = 4359C15E2A1D205F007355D9 /* TodayMultipleAppController.swift */; };
		4359C1612A1D2184007355D9 /* MultipleAppCell.swift in Sources */ = {isa = PBXBuildFile; fileRef = 4359C1602A1D2184007355D9 /* MultipleAppCell.swift */; };
		435A3A252A042F4C000ADA12 /* AppGroup.swift in Sources */ = {isa = PBXBuildFile; fileRef = 435A3A242A042F4C000ADA12 /* AppGroup.swift */; };
		435EF7052A02D60D008F841A /* AppsPageHeader.swift in Sources */ = {isa = PBXBuildFile; fileRef = 435EF7042A02D60D008F841A /* AppsPageHeader.swift */; };
		435EF7072A02DC77008F841A /* AppsHeaderHorizontalController.swift in Sources */ = {isa = PBXBuildFile; fileRef = 435EF7062A02DC77008F841A /* AppsHeaderHorizontalController.swift */; };
		435EF7092A02DFE9008F841A /* AppsHeaderCell.swift in Sources */ = {isa = PBXBuildFile; fileRef = 435EF7082A02DFE9008F841A /* AppsHeaderCell.swift */; };
		437C87AB2A16D920007FF21C /* TodayItem.swift in Sources */ = {isa = PBXBuildFile; fileRef = 437C87AA2A16D920007FF21C /* TodayItem.swift */; };
		439C9FEE2A017D0800D5F52A /* Convenience Init.swift in Sources */ = {isa = PBXBuildFile; fileRef = 439C9FED2A017D0800D5F52A /* Convenience Init.swift */; };
		439F0EC529FC449A00440EF9 /* SearchResult.swift in Sources */ = {isa = PBXBuildFile; fileRef = 439F0EC429FC449A00440EF9 /* SearchResult.swift */; };
		439F0EC829FC6AFA00440EF9 /* Service.swift in Sources */ = {isa = PBXBuildFile; fileRef = 439F0EC729FC6AFA00440EF9 /* Service.swift */; };
		43BA4CE72A07EED000FF4878 /* HorizontalSnappingController.swift in Sources */ = {isa = PBXBuildFile; fileRef = 43BA4CE62A07EED000FF4878 /* HorizontalSnappingController.swift */; };
		43BA4CE92A08032900FF4878 /* BetterSnappingLayout.swift in Sources */ = {isa = PBXBuildFile; fileRef = 43BA4CE82A08032900FF4878 /* BetterSnappingLayout.swift */; };
		43DFFA602A136EE6005137B8 /* TodayController.swift in Sources */ = {isa = PBXBuildFile; fileRef = 43DFFA5F2A136EE6005137B8 /* TodayController.swift */; };
		43DFFA632A137914005137B8 /* TodayCell.swift in Sources */ = {isa = PBXBuildFile; fileRef = 43DFFA622A137914005137B8 /* TodayCell.swift */; };
		43DFFA652A13A639005137B8 /* AppsFullScreenController.swift in Sources */ = {isa = PBXBuildFile; fileRef = 43DFFA642A13A639005137B8 /* AppsFullScreenController.swift */; };
		43DFFA672A13BDBA005137B8 /* AppsFullscreenDesciptionCell.swift in Sources */ = {isa = PBXBuildFile; fileRef = 43DFFA662A13BDBA005137B8 /* AppsFullscreenDesciptionCell.swift */; };
		43F056B92A1A476300478DEB /* TodayMultipleAppCell.swift in Sources */ = {isa = PBXBuildFile; fileRef = 43F056B82A1A476300478DEB /* TodayMultipleAppCell.swift */; };
		43F056BB2A1A771700478DEB /* BaseTodayCell.swift in Sources */ = {isa = PBXBuildFile; fileRef = 43F056BA2A1A771700478DEB /* BaseTodayCell.swift */; };
/* End PBXBuildFile section */

/* Begin PBXFileReference section */
		432395722A0015DB00FE0008 /* AppsPageController.swift */ = {isa = PBXFileReference; lastKnownFileType = sourcecode.swift; path = AppsPageController.swift; sourceTree = "<group>"; };
		432395742A0016BC00FE0008 /* BaseListController.swift */ = {isa = PBXFileReference; lastKnownFileType = sourcecode.swift; path = BaseListController.swift; sourceTree = "<group>"; };
		4323957A2A001B0700FE0008 /* AppsGroupCell.swift */ = {isa = PBXFileReference; lastKnownFileType = sourcecode.swift; path = AppsGroupCell.swift; sourceTree = "<group>"; };
		4323957C2A0025D500FE0008 /* AppsHorizontalController.swift */ = {isa = PBXFileReference; lastKnownFileType = sourcecode.swift; path = AppsHorizontalController.swift; sourceTree = "<group>"; };
		4323957E2A0044F700FE0008 /* AppRowCell.swift */ = {isa = PBXFileReference; lastKnownFileType = sourcecode.swift; path = AppRowCell.swift; sourceTree = "<group>"; };
		432689CE2A06E288004E09C0 /* HeaderResult.swift */ = {isa = PBXFileReference; lastKnownFileType = sourcecode.swift; path = HeaderResult.swift; sourceTree = "<group>"; };
		432A80C42A16B41C000E8F8A /* AppFullscreenHeaderCell.swift */ = {isa = PBXFileReference; lastKnownFileType = sourcecode.swift; path = AppFullscreenHeaderCell.swift; sourceTree = "<group>"; };
		4345CF3F29FAD6250059F907 /* SearchResultCell.swift */ = {isa = PBXFileReference; lastKnownFileType = sourcecode.swift; path = SearchResultCell.swift; sourceTree = "<group>"; };
		4345CF4229FB16530059F907 /* UIView+Layout.swift */ = {isa = PBXFileReference; lastKnownFileType = sourcecode.swift; path = "UIView+Layout.swift"; sourceTree = "<group>"; };
		4345CF4429FB2D470059F907 /* VerticalStackView.swift */ = {isa = PBXFileReference; lastKnownFileType = sourcecode.swift; path = VerticalStackView.swift; sourceTree = "<group>"; };
		434D14E229F867C5003C7216 /* AppStore.app */ = {isa = PBXFileReference; explicitFileType = wrapper.application; includeInIndex = 0; path = AppStore.app; sourceTree = BUILT_PRODUCTS_DIR; };
		434D14E529F867C5003C7216 /* AppDelegate.swift */ = {isa = PBXFileReference; lastKnownFileType = sourcecode.swift; path = AppDelegate.swift; sourceTree = "<group>"; };
		434D14E729F867C5003C7216 /* SceneDelegate.swift */ = {isa = PBXFileReference; lastKnownFileType = sourcecode.swift; path = SceneDelegate.swift; sourceTree = "<group>"; };
		434D14E929F867C5003C7216 /* ViewController.swift */ = {isa = PBXFileReference; lastKnownFileType = sourcecode.swift; path = ViewController.swift; sourceTree = "<group>"; };
		434D14EE29F867C6003C7216 /* Assets.xcassets */ = {isa = PBXFileReference; lastKnownFileType = folder.assetcatalog; path = Assets.xcassets; sourceTree = "<group>"; };
		434D14F129F867C6003C7216 /* Base */ = {isa = PBXFileReference; lastKnownFileType = file.storyboard; name = Base; path = Base.lproj/LaunchScreen.storyboard; sourceTree = "<group>"; };
		434D14F329F867C6003C7216 /* Info.plist */ = {isa = PBXFileReference; lastKnownFileType = text.plist.xml; path = Info.plist; sourceTree = "<group>"; };
		434EB9B729F99A5C00418A96 /* MainTabBarController.swift */ = {isa = PBXFileReference; lastKnownFileType = sourcecode.swift; path = MainTabBarController.swift; sourceTree = "<group>"; };
		434EB9BA29F9DAAF00418A96 /* AppsSearchController.swift */ = {isa = PBXFileReference; lastKnownFileType = sourcecode.swift; path = AppsSearchController.swift; sourceTree = "<group>"; };
		435085892A0A965A00C8D2F2 /* AppsDetailController.swift */ = {isa = PBXFileReference; lastKnownFileType = sourcecode.swift; path = AppsDetailController.swift; sourceTree = "<group>"; };
		4350858C2A0AC38B00C8D2F2 /* AppsDetailCell.swift */ = {isa = PBXFileReference; lastKnownFileType = sourcecode.swift; path = AppsDetailCell.swift; sourceTree = "<group>"; };
		4350858E2A0CF67E00C8D2F2 /* PreviewCell.swift */ = {isa = PBXFileReference; lastKnownFileType = sourcecode.swift; path = PreviewCell.swift; sourceTree = "<group>"; };
		435085902A0CFA3A00C8D2F2 /* PreviewScreenshotsController.swift */ = {isa = PBXFileReference; lastKnownFileType = sourcecode.swift; path = PreviewScreenshotsController.swift; sourceTree = "<group>"; };
		435085922A0D67E500C8D2F2 /* ReviewRowCell.swift */ = {isa = PBXFileReference; lastKnownFileType = sourcecode.swift; path = ReviewRowCell.swift; sourceTree = "<group>"; };
		435085962A0D6BC200C8D2F2 /* ReviewController.swift */ = {isa = PBXFileReference; lastKnownFileType = sourcecode.swift; path = ReviewController.swift; sourceTree = "<group>"; };
		435085982A0D6D9100C8D2F2 /* ReviewCell.swift */ = {isa = PBXFileReference; lastKnownFileType = sourcecode.swift; path = ReviewCell.swift; sourceTree = "<group>"; };
		4350859A2A0EC85E00C8D2F2 /* ReviewResult.swift */ = {isa = PBXFileReference; lastKnownFileType = sourcecode.swift; path = ReviewResult.swift; sourceTree = "<group>"; };
		4359C15E2A1D205F007355D9 /* TodayMultipleAppController.swift */ = {isa = PBXFileReference; lastKnownFileType = sourcecode.swift; path = TodayMultipleAppController.swift; sourceTree = "<group>"; };
		4359C1602A1D2184007355D9 /* MultipleAppCell.swift */ = {isa = PBXFileReference; lastKnownFileType = sourcecode.swift; path = MultipleAppCell.swift; sourceTree = "<group>"; };
		435A3A242A042F4C000ADA12 /* AppGroup.swift */ = {isa = PBXFileReference; lastKnownFileType = sourcecode.swift; path = AppGroup.swift; sourceTree = "<group>"; };
		435EF7042A02D60D008F841A /* AppsPageHeader.swift */ = {isa = PBXFileReference; lastKnownFileType = sourcecode.swift; path = AppsPageHeader.swift; sourceTree = "<group>"; };
		435EF7062A02DC77008F841A /* AppsHeaderHorizontalController.swift */ = {isa = PBXFileReference; lastKnownFileType = sourcecode.swift; path = AppsHeaderHorizontalController.swift; sourceTree = "<group>"; };
		435EF7082A02DFE9008F841A /* AppsHeaderCell.swift */ = {isa = PBXFileReference; lastKnownFileType = sourcecode.swift; path = AppsHeaderCell.swift; sourceTree = "<group>"; };
		437C87AA2A16D920007FF21C /* TodayItem.swift */ = {isa = PBXFileReference; lastKnownFileType = sourcecode.swift; path = TodayItem.swift; sourceTree = "<group>"; };
		439C9FED2A017D0800D5F52A /* Convenience Init.swift */ = {isa = PBXFileReference; lastKnownFileType = sourcecode.swift; path = "Convenience Init.swift"; sourceTree = "<group>"; };
		439F0EC429FC449A00440EF9 /* SearchResult.swift */ = {isa = PBXFileReference; lastKnownFileType = sourcecode.swift; path = SearchResult.swift; sourceTree = "<group>"; };
		439F0EC729FC6AFA00440EF9 /* Service.swift */ = {isa = PBXFileReference; lastKnownFileType = sourcecode.swift; path = Service.swift; sourceTree = "<group>"; };
		43BA4CE62A07EED000FF4878 /* HorizontalSnappingController.swift */ = {isa = PBXFileReference; lastKnownFileType = sourcecode.swift; path = HorizontalSnappingController.swift; sourceTree = "<group>"; };
		43BA4CE82A08032900FF4878 /* BetterSnappingLayout.swift */ = {isa = PBXFileReference; lastKnownFileType = sourcecode.swift; path = BetterSnappingLayout.swift; sourceTree = "<group>"; };
		43DFFA5F2A136EE6005137B8 /* TodayController.swift */ = {isa = PBXFileReference; lastKnownFileType = sourcecode.swift; path = TodayController.swift; sourceTree = "<group>"; };
		43DFFA622A137914005137B8 /* TodayCell.swift */ = {isa = PBXFileReference; lastKnownFileType = sourcecode.swift; path = TodayCell.swift; sourceTree = "<group>"; };
		43DFFA642A13A639005137B8 /* AppsFullScreenController.swift */ = {isa = PBXFileReference; lastKnownFileType = sourcecode.swift; path = AppsFullScreenController.swift; sourceTree = "<group>"; };
		43DFFA662A13BDBA005137B8 /* AppsFullscreenDesciptionCell.swift */ = {isa = PBXFileReference; lastKnownFileType = sourcecode.swift; path = AppsFullscreenDesciptionCell.swift; sourceTree = "<group>"; };
		43F056B82A1A476300478DEB /* TodayMultipleAppCell.swift */ = {isa = PBXFileReference; lastKnownFileType = sourcecode.swift; path = TodayMultipleAppCell.swift; sourceTree = "<group>"; };
		43F056BA2A1A771700478DEB /* BaseTodayCell.swift */ = {isa = PBXFileReference; lastKnownFileType = sourcecode.swift; path = BaseTodayCell.swift; sourceTree = "<group>"; };
		75CCA8E3F52E260189711E05 /* Pods-AppStore.release.xcconfig */ = {isa = PBXFileReference; includeInIndex = 1; lastKnownFileType = text.xcconfig; name = "Pods-AppStore.release.xcconfig"; path = "Target Support Files/Pods-AppStore/Pods-AppStore.release.xcconfig"; sourceTree = "<group>"; };
		86176CCCD63A0FC0049CAF8C /* Pods-AppStore.debug.xcconfig */ = {isa = PBXFileReference; includeInIndex = 1; lastKnownFileType = text.xcconfig; name = "Pods-AppStore.debug.xcconfig"; path = "Target Support Files/Pods-AppStore/Pods-AppStore.debug.xcconfig"; sourceTree = "<group>"; };
		D24F039138F1C226613EA333 /* Pods_AppStore.framework */ = {isa = PBXFileReference; explicitFileType = wrapper.framework; includeInIndex = 0; path = Pods_AppStore.framework; sourceTree = BUILT_PRODUCTS_DIR; };
/* End PBXFileReference section */

/* Begin PBXFrameworksBuildPhase section */
		434D14DF29F867C5003C7216 /* Frameworks */ = {
			isa = PBXFrameworksBuildPhase;
			buildActionMask = 2147483647;
			files = (
				124ADB30E50F70A19A871500 /* Pods_AppStore.framework in Frameworks */,
			);
			runOnlyForDeploymentPostprocessing = 0;
		};
/* End PBXFrameworksBuildPhase section */

/* Begin PBXGroup section */
		432395712A0015C300FE0008 /* Apps */ = {
			isa = PBXGroup;
			children = (
				432395722A0015DB00FE0008 /* AppsPageController.swift */,
				4323957C2A0025D500FE0008 /* AppsHorizontalController.swift */,
				435EF7062A02DC77008F841A /* AppsHeaderHorizontalController.swift */,
				43BA4CE62A07EED000FF4878 /* HorizontalSnappingController.swift */,
			);
			path = Apps;
			sourceTree = "<group>";
		};
		432395762A00182F00FE0008 /* Search */ = {
			isa = PBXGroup;
			children = (
				434EB9BA29F9DAAF00418A96 /* AppsSearchController.swift */,
			);
			path = Search;
			sourceTree = "<group>";
		};
		432395782A001ADF00FE0008 /* Search */ = {
			isa = PBXGroup;
			children = (
				4345CF3F29FAD6250059F907 /* SearchResultCell.swift */,
			);
			path = Search;
			sourceTree = "<group>";
		};
		432395792A001AED00FE0008 /* Apps */ = {
			isa = PBXGroup;
			children = (
				4323957A2A001B0700FE0008 /* AppsGroupCell.swift */,
				4323957E2A0044F700FE0008 /* AppRowCell.swift */,
				435EF7042A02D60D008F841A /* AppsPageHeader.swift */,
				435EF7082A02DFE9008F841A /* AppsHeaderCell.swift */,
				4350858B2A0AC37F00C8D2F2 /* AppsDetail */,
			);
			path = Apps;
			sourceTree = "<group>";
		};
		4345CF3E29FAD6040059F907 /* Views */ = {
			isa = PBXGroup;
			children = (
				43DFFA612A137901005137B8 /* Today */,
				432395792A001AED00FE0008 /* Apps */,
				432395782A001ADF00FE0008 /* Search */,
			);
			path = Views;
			sourceTree = "<group>";
		};
		4345CF4129FB13BA0059F907 /* Helpers */ = {
			isa = PBXGroup;
			children = (
				4345CF4229FB16530059F907 /* UIView+Layout.swift */,
				4345CF4429FB2D470059F907 /* VerticalStackView.swift */,
				432395742A0016BC00FE0008 /* BaseListController.swift */,
				439C9FED2A017D0800D5F52A /* Convenience Init.swift */,
				43BA4CE82A08032900FF4878 /* BetterSnappingLayout.swift */,
			);
			path = Helpers;
			sourceTree = "<group>";
		};
		434D14D929F867C5003C7216 = {
			isa = PBXGroup;
			children = (
				434D14E429F867C5003C7216 /* AppStore */,
				434D14E329F867C5003C7216 /* Products */,
				E8DA7DE0C58E5C77AC7719AE /* Pods */,
				DA5E82295DBB9AB68995A73F /* Frameworks */,
			);
			sourceTree = "<group>";
		};
		434D14E329F867C5003C7216 /* Products */ = {
			isa = PBXGroup;
			children = (
				434D14E229F867C5003C7216 /* AppStore.app */,
			);
			name = Products;
			sourceTree = "<group>";
		};
		434D14E429F867C5003C7216 /* AppStore */ = {
			isa = PBXGroup;
			children = (
				439F0EC629FC6AED00440EF9 /* Service */,
				439F0EC329FC448B00440EF9 /* Model */,
				4345CF4129FB13BA0059F907 /* Helpers */,
				4345CF3E29FAD6040059F907 /* Views */,
				434EB9B929F9DA6200418A96 /* Controller */,
				434D14E529F867C5003C7216 /* AppDelegate.swift */,
				434D14E729F867C5003C7216 /* SceneDelegate.swift */,
				434D14E929F867C5003C7216 /* ViewController.swift */,
				434D14EE29F867C6003C7216 /* Assets.xcassets */,
				434D14F029F867C6003C7216 /* LaunchScreen.storyboard */,
				434D14F329F867C6003C7216 /* Info.plist */,
			);
			path = AppStore;
			sourceTree = "<group>";
		};
		434EB9B929F9DA6200418A96 /* Controller */ = {
			isa = PBXGroup;
			children = (
				434EB9B729F99A5C00418A96 /* MainTabBarController.swift */,
				43DFFA5E2A136ED6005137B8 /* Today */,
				432395712A0015C300FE0008 /* Apps */,
				432395762A00182F00FE0008 /* Search */,
				435085882A0A95F900C8D2F2 /* AppsDetailController */,
			);
			path = Controller;
			sourceTree = "<group>";
		};
		435085882A0A95F900C8D2F2 /* AppsDetailController */ = {
			isa = PBXGroup;
			children = (
				435085892A0A965A00C8D2F2 /* AppsDetailController.swift */,
				435085902A0CFA3A00C8D2F2 /* PreviewScreenshotsController.swift */,
				435085962A0D6BC200C8D2F2 /* ReviewController.swift */,
			);
			path = AppsDetailController;
			sourceTree = "<group>";
		};
		4350858B2A0AC37F00C8D2F2 /* AppsDetail */ = {
			isa = PBXGroup;
			children = (
				4350858C2A0AC38B00C8D2F2 /* AppsDetailCell.swift */,
				4350858E2A0CF67E00C8D2F2 /* PreviewCell.swift */,
				435085922A0D67E500C8D2F2 /* ReviewRowCell.swift */,
				435085982A0D6D9100C8D2F2 /* ReviewCell.swift */,
			);
			path = AppsDetail;
			sourceTree = "<group>";
		};
		439F0EC329FC448B00440EF9 /* Model */ = {
			isa = PBXGroup;
			children = (
				439F0EC429FC449A00440EF9 /* SearchResult.swift */,
				435A3A242A042F4C000ADA12 /* AppGroup.swift */,
				432689CE2A06E288004E09C0 /* HeaderResult.swift */,
				4350859A2A0EC85E00C8D2F2 /* ReviewResult.swift */,
				437C87AA2A16D920007FF21C /* TodayItem.swift */,
			);
			path = Model;
			sourceTree = "<group>";
		};
		439F0EC629FC6AED00440EF9 /* Service */ = {
			isa = PBXGroup;
			children = (
				439F0EC729FC6AFA00440EF9 /* Service.swift */,
			);
			path = Service;
			sourceTree = "<group>";
		};
		43DFFA5E2A136ED6005137B8 /* Today */ = {
			isa = PBXGroup;
			children = (
				43DFFA5F2A136EE6005137B8 /* TodayController.swift */,
				43DFFA642A13A639005137B8 /* AppsFullScreenController.swift */,
				4359C15E2A1D205F007355D9 /* TodayMultipleAppController.swift */,
			);
			path = Today;
			sourceTree = "<group>";
		};
		43DFFA612A137901005137B8 /* Today */ = {
			isa = PBXGroup;
			children = (
				43DFFA622A137914005137B8 /* TodayCell.swift */,
				43DFFA662A13BDBA005137B8 /* AppsFullscreenDesciptionCell.swift */,
				432A80C42A16B41C000E8F8A /* AppFullscreenHeaderCell.swift */,
				43F056B82A1A476300478DEB /* TodayMultipleAppCell.swift */,
				43F056BA2A1A771700478DEB /* BaseTodayCell.swift */,
				4359C1602A1D2184007355D9 /* MultipleAppCell.swift */,
			);
			path = Today;
			sourceTree = "<group>";
		};
		DA5E82295DBB9AB68995A73F /* Frameworks */ = {
			isa = PBXGroup;
			children = (
				D24F039138F1C226613EA333 /* Pods_AppStore.framework */,
			);
			name = Frameworks;
			sourceTree = "<group>";
		};
		E8DA7DE0C58E5C77AC7719AE /* Pods */ = {
			isa = PBXGroup;
			children = (
				86176CCCD63A0FC0049CAF8C /* Pods-AppStore.debug.xcconfig */,
				75CCA8E3F52E260189711E05 /* Pods-AppStore.release.xcconfig */,
			);
			path = Pods;
			sourceTree = "<group>";
		};
/* End PBXGroup section */

/* Begin PBXNativeTarget section */
		434D14E129F867C5003C7216 /* AppStore */ = {
			isa = PBXNativeTarget;
			buildConfigurationList = 434D14F629F867C6003C7216 /* Build configuration list for PBXNativeTarget "AppStore" */;
			buildPhases = (
				1DA47E3B293876C53A0C154E /* [CP] Check Pods Manifest.lock */,
				434D14DE29F867C5003C7216 /* Sources */,
				434D14DF29F867C5003C7216 /* Frameworks */,
				434D14E029F867C5003C7216 /* Resources */,
				BB750EE9116578C188E8D1A3 /* [CP] Embed Pods Frameworks */,
			);
			buildRules = (
			);
			dependencies = (
			);
			name = AppStore;
			productName = AppStore;
			productReference = 434D14E229F867C5003C7216 /* AppStore.app */;
			productType = "com.apple.product-type.application";
		};
/* End PBXNativeTarget section */

/* Begin PBXProject section */
		434D14DA29F867C5003C7216 /* Project object */ = {
			isa = PBXProject;
			attributes = {
				BuildIndependentTargetsInParallel = 1;
				LastSwiftUpdateCheck = 1420;
				LastUpgradeCheck = 1420;
				TargetAttributes = {
					434D14E129F867C5003C7216 = {
						CreatedOnToolsVersion = 14.2;
					};
				};
			};
			buildConfigurationList = 434D14DD29F867C5003C7216 /* Build configuration list for PBXProject "AppStore" */;
			compatibilityVersion = "Xcode 14.0";
			developmentRegion = en;
			hasScannedForEncodings = 0;
			knownRegions = (
				en,
				Base,
			);
			mainGroup = 434D14D929F867C5003C7216;
			productRefGroup = 434D14E329F867C5003C7216 /* Products */;
			projectDirPath = "";
			projectRoot = "";
			targets = (
				434D14E129F867C5003C7216 /* AppStore */,
			);
		};
/* End PBXProject section */

/* Begin PBXResourcesBuildPhase section */
		434D14E029F867C5003C7216 /* Resources */ = {
			isa = PBXResourcesBuildPhase;
			buildActionMask = 2147483647;
			files = (
				434D14F229F867C6003C7216 /* LaunchScreen.storyboard in Resources */,
				434D14EF29F867C6003C7216 /* Assets.xcassets in Resources */,
			);
			runOnlyForDeploymentPostprocessing = 0;
		};
/* End PBXResourcesBuildPhase section */

/* Begin PBXShellScriptBuildPhase section */
		1DA47E3B293876C53A0C154E /* [CP] Check Pods Manifest.lock */ = {
			isa = PBXShellScriptBuildPhase;
			buildActionMask = 2147483647;
			files = (
			);
			inputFileListPaths = (
			);
			inputPaths = (
				"${PODS_PODFILE_DIR_PATH}/Podfile.lock",
				"${PODS_ROOT}/Manifest.lock",
			);
			name = "[CP] Check Pods Manifest.lock";
			outputFileListPaths = (
			);
			outputPaths = (
				"$(DERIVED_FILE_DIR)/Pods-AppStore-checkManifestLockResult.txt",
			);
			runOnlyForDeploymentPostprocessing = 0;
			shellPath = /bin/sh;
			shellScript = "diff \"${PODS_PODFILE_DIR_PATH}/Podfile.lock\" \"${PODS_ROOT}/Manifest.lock\" > /dev/null\nif [ $? != 0 ] ; then\n    # print error to STDERR\n    echo \"error: The sandbox is not in sync with the Podfile.lock. Run 'pod install' or update your CocoaPods installation.\" >&2\n    exit 1\nfi\n# This output is used by Xcode 'outputs' to avoid re-running this script phase.\necho \"SUCCESS\" > \"${SCRIPT_OUTPUT_FILE_0}\"\n";
			showEnvVarsInLog = 0;
		};
		BB750EE9116578C188E8D1A3 /* [CP] Embed Pods Frameworks */ = {
			isa = PBXShellScriptBuildPhase;
			buildActionMask = 2147483647;
			files = (
			);
			inputFileListPaths = (
				"${PODS_ROOT}/Target Support Files/Pods-AppStore/Pods-AppStore-frameworks-${CONFIGURATION}-input-files.xcfilelist",
			);
			name = "[CP] Embed Pods Frameworks";
			outputFileListPaths = (
				"${PODS_ROOT}/Target Support Files/Pods-AppStore/Pods-AppStore-frameworks-${CONFIGURATION}-output-files.xcfilelist",
			);
			runOnlyForDeploymentPostprocessing = 0;
			shellPath = /bin/sh;
			shellScript = "\"${PODS_ROOT}/Target Support Files/Pods-AppStore/Pods-AppStore-frameworks.sh\"\n";
			showEnvVarsInLog = 0;
		};
/* End PBXShellScriptBuildPhase section */

/* Begin PBXSourcesBuildPhase section */
		434D14DE29F867C5003C7216 /* Sources */ = {
			isa = PBXSourcesBuildPhase;
			buildActionMask = 2147483647;
			files = (
				43DFFA652A13A639005137B8 /* AppsFullScreenController.swift in Sources */,
				434D14EA29F867C5003C7216 /* ViewController.swift in Sources */,
				435085992A0D6D9100C8D2F2 /* ReviewCell.swift in Sources */,
				432395732A0015DB00FE0008 /* AppsPageController.swift in Sources */,
				439C9FEE2A017D0800D5F52A /* Convenience Init.swift in Sources */,
				439F0EC529FC449A00440EF9 /* SearchResult.swift in Sources */,
				43F056BB2A1A771700478DEB /* BaseTodayCell.swift in Sources */,
				43DFFA672A13BDBA005137B8 /* AppsFullscreenDesciptionCell.swift in Sources */,
				4350859B2A0EC85E00C8D2F2 /* ReviewResult.swift in Sources */,
				435085912A0CFA3A00C8D2F2 /* PreviewScreenshotsController.swift in Sources */,
				434D14E629F867C5003C7216 /* AppDelegate.swift in Sources */,
				43DFFA632A137914005137B8 /* TodayCell.swift in Sources */,
				434EB9B829F99A5C00418A96 /* MainTabBarController.swift in Sources */,
				432689CF2A06E288004E09C0 /* HeaderResult.swift in Sources */,
				437C87AB2A16D920007FF21C /* TodayItem.swift in Sources */,
				432A80C52A16B41C000E8F8A /* AppFullscreenHeaderCell.swift in Sources */,
				434EB9BB29F9DAAF00418A96 /* AppsSearchController.swift in Sources */,
				435085932A0D67E500C8D2F2 /* ReviewRowCell.swift in Sources */,
				4359C15F2A1D205F007355D9 /* TodayMultipleAppController.swift in Sources */,
				43F056B92A1A476300478DEB /* TodayMultipleAppCell.swift in Sources */,
				4350858A2A0A965A00C8D2F2 /* AppsDetailController.swift in Sources */,
				4323957B2A001B0700FE0008 /* AppsGroupCell.swift in Sources */,
				43BA4CE72A07EED000FF4878 /* HorizontalSnappingController.swift in Sources */,
				43BA4CE92A08032900FF4878 /* BetterSnappingLayout.swift in Sources */,
				4345CF4029FAD6250059F907 /* SearchResultCell.swift in Sources */,
				4345CF4529FB2D470059F907 /* VerticalStackView.swift in Sources */,
				435EF7072A02DC77008F841A /* AppsHeaderHorizontalController.swift in Sources */,
				435EF7052A02D60D008F841A /* AppsPageHeader.swift in Sources */,
				4350858D2A0AC38B00C8D2F2 /* AppsDetailCell.swift in Sources */,
				43DFFA602A136EE6005137B8 /* TodayController.swift in Sources */,
				4359C1612A1D2184007355D9 /* MultipleAppCell.swift in Sources */,
				439F0EC829FC6AFA00440EF9 /* Service.swift in Sources */,
				4345CF4329FB16530059F907 /* UIView+Layout.swift in Sources */,
				432395752A0016BC00FE0008 /* BaseListController.swift in Sources */,
				435A3A252A042F4C000ADA12 /* AppGroup.swift in Sources */,
				435EF7092A02DFE9008F841A /* AppsHeaderCell.swift in Sources */,
				4350858F2A0CF67E00C8D2F2 /* PreviewCell.swift in Sources */,
				434D14E829F867C5003C7216 /* SceneDelegate.swift in Sources */,
				4323957D2A0025D500FE0008 /* AppsHorizontalController.swift in Sources */,
				435085972A0D6BC200C8D2F2 /* ReviewController.swift in Sources */,
				4323957F2A0044F700FE0008 /* AppRowCell.swift in Sources */,
			);
			runOnlyForDeploymentPostprocessing = 0;
		};
/* End PBXSourcesBuildPhase section */

/* Begin PBXVariantGroup section */
		434D14F029F867C6003C7216 /* LaunchScreen.storyboard */ = {
			isa = PBXVariantGroup;
			children = (
				434D14F129F867C6003C7216 /* Base */,
			);
			name = LaunchScreen.storyboard;
			sourceTree = "<group>";
		};
/* End PBXVariantGroup section */

/* Begin XCBuildConfiguration section */
		434D14F429F867C6003C7216 /* Debug */ = {
			isa = XCBuildConfiguration;
			buildSettings = {
				ALWAYS_SEARCH_USER_PATHS = NO;
				CLANG_ANALYZER_NONNULL = YES;
				CLANG_ANALYZER_NUMBER_OBJECT_CONVERSION = YES_AGGRESSIVE;
				CLANG_CXX_LANGUAGE_STANDARD = "gnu++20";
				CLANG_ENABLE_MODULES = YES;
				CLANG_ENABLE_OBJC_ARC = YES;
				CLANG_ENABLE_OBJC_WEAK = YES;
				CLANG_WARN_BLOCK_CAPTURE_AUTORELEASING = YES;
				CLANG_WARN_BOOL_CONVERSION = YES;
				CLANG_WARN_COMMA = YES;
				CLANG_WARN_CONSTANT_CONVERSION = YES;
				CLANG_WARN_DEPRECATED_OBJC_IMPLEMENTATIONS = YES;
				CLANG_WARN_DIRECT_OBJC_ISA_USAGE = YES_ERROR;
				CLANG_WARN_DOCUMENTATION_COMMENTS = YES;
				CLANG_WARN_EMPTY_BODY = YES;
				CLANG_WARN_ENUM_CONVERSION = YES;
				CLANG_WARN_INFINITE_RECURSION = YES;
				CLANG_WARN_INT_CONVERSION = YES;
				CLANG_WARN_NON_LITERAL_NULL_CONVERSION = YES;
				CLANG_WARN_OBJC_IMPLICIT_RETAIN_SELF = YES;
				CLANG_WARN_OBJC_LITERAL_CONVERSION = YES;
				CLANG_WARN_OBJC_ROOT_CLASS = YES_ERROR;
				CLANG_WARN_QUOTED_INCLUDE_IN_FRAMEWORK_HEADER = YES;
				CLANG_WARN_RANGE_LOOP_ANALYSIS = YES;
				CLANG_WARN_STRICT_PROTOTYPES = YES;
				CLANG_WARN_SUSPICIOUS_MOVE = YES;
				CLANG_WARN_UNGUARDED_AVAILABILITY = YES_AGGRESSIVE;
				CLANG_WARN_UNREACHABLE_CODE = YES;
				CLANG_WARN__DUPLICATE_METHOD_MATCH = YES;
				COPY_PHASE_STRIP = NO;
				DEBUG_INFORMATION_FORMAT = dwarf;
				ENABLE_STRICT_OBJC_MSGSEND = YES;
				ENABLE_TESTABILITY = YES;
				GCC_C_LANGUAGE_STANDARD = gnu11;
				GCC_DYNAMIC_NO_PIC = NO;
				GCC_NO_COMMON_BLOCKS = YES;
				GCC_OPTIMIZATION_LEVEL = 0;
				GCC_PREPROCESSOR_DEFINITIONS = (
					"DEBUG=1",
					"$(inherited)",
				);
				GCC_WARN_64_TO_32_BIT_CONVERSION = YES;
				GCC_WARN_ABOUT_RETURN_TYPE = YES_ERROR;
				GCC_WARN_UNDECLARED_SELECTOR = YES;
				GCC_WARN_UNINITIALIZED_AUTOS = YES_AGGRESSIVE;
				GCC_WARN_UNUSED_FUNCTION = YES;
				GCC_WARN_UNUSED_VARIABLE = YES;
				IPHONEOS_DEPLOYMENT_TARGET = 16.2;
				MTL_ENABLE_DEBUG_INFO = INCLUDE_SOURCE;
				MTL_FAST_MATH = YES;
				ONLY_ACTIVE_ARCH = YES;
				SDKROOT = iphoneos;
				SWIFT_ACTIVE_COMPILATION_CONDITIONS = DEBUG;
				SWIFT_OPTIMIZATION_LEVEL = "-Onone";
			};
			name = Debug;
		};
		434D14F529F867C6003C7216 /* Release */ = {
			isa = XCBuildConfiguration;
			buildSettings = {
				ALWAYS_SEARCH_USER_PATHS = NO;
				CLANG_ANALYZER_NONNULL = YES;
				CLANG_ANALYZER_NUMBER_OBJECT_CONVERSION = YES_AGGRESSIVE;
				CLANG_CXX_LANGUAGE_STANDARD = "gnu++20";
				CLANG_ENABLE_MODULES = YES;
				CLANG_ENABLE_OBJC_ARC = YES;
				CLANG_ENABLE_OBJC_WEAK = YES;
				CLANG_WARN_BLOCK_CAPTURE_AUTORELEASING = YES;
				CLANG_WARN_BOOL_CONVERSION = YES;
				CLANG_WARN_COMMA = YES;
				CLANG_WARN_CONSTANT_CONVERSION = YES;
				CLANG_WARN_DEPRECATED_OBJC_IMPLEMENTATIONS = YES;
				CLANG_WARN_DIRECT_OBJC_ISA_USAGE = YES_ERROR;
				CLANG_WARN_DOCUMENTATION_COMMENTS = YES;
				CLANG_WARN_EMPTY_BODY = YES;
				CLANG_WARN_ENUM_CONVERSION = YES;
				CLANG_WARN_INFINITE_RECURSION = YES;
				CLANG_WARN_INT_CONVERSION = YES;
				CLANG_WARN_NON_LITERAL_NULL_CONVERSION = YES;
				CLANG_WARN_OBJC_IMPLICIT_RETAIN_SELF = YES;
				CLANG_WARN_OBJC_LITERAL_CONVERSION = YES;
				CLANG_WARN_OBJC_ROOT_CLASS = YES_ERROR;
				CLANG_WARN_QUOTED_INCLUDE_IN_FRAMEWORK_HEADER = YES;
				CLANG_WARN_RANGE_LOOP_ANALYSIS = YES;
				CLANG_WARN_STRICT_PROTOTYPES = YES;
				CLANG_WARN_SUSPICIOUS_MOVE = YES;
				CLANG_WARN_UNGUARDED_AVAILABILITY = YES_AGGRESSIVE;
				CLANG_WARN_UNREACHABLE_CODE = YES;
				CLANG_WARN__DUPLICATE_METHOD_MATCH = YES;
				COPY_PHASE_STRIP = NO;
				DEBUG_INFORMATION_FORMAT = "dwarf-with-dsym";
				ENABLE_NS_ASSERTIONS = NO;
				ENABLE_STRICT_OBJC_MSGSEND = YES;
				GCC_C_LANGUAGE_STANDARD = gnu11;
				GCC_NO_COMMON_BLOCKS = YES;
				GCC_WARN_64_TO_32_BIT_CONVERSION = YES;
				GCC_WARN_ABOUT_RETURN_TYPE = YES_ERROR;
				GCC_WARN_UNDECLARED_SELECTOR = YES;
				GCC_WARN_UNINITIALIZED_AUTOS = YES_AGGRESSIVE;
				GCC_WARN_UNUSED_FUNCTION = YES;
				GCC_WARN_UNUSED_VARIABLE = YES;
				IPHONEOS_DEPLOYMENT_TARGET = 16.2;
				MTL_ENABLE_DEBUG_INFO = NO;
				MTL_FAST_MATH = YES;
				SDKROOT = iphoneos;
				SWIFT_COMPILATION_MODE = wholemodule;
				SWIFT_OPTIMIZATION_LEVEL = "-O";
				VALIDATE_PRODUCT = YES;
			};
			name = Release;
		};
		434D14F729F867C6003C7216 /* Debug */ = {
			isa = XCBuildConfiguration;
			baseConfigurationReference = 86176CCCD63A0FC0049CAF8C /* Pods-AppStore.debug.xcconfig */;
			buildSettings = {
				ASSETCATALOG_COMPILER_APPICON_NAME = AppIcon;
				ASSETCATALOG_COMPILER_GLOBAL_ACCENT_COLOR_NAME = AccentColor;
				CODE_SIGN_STYLE = Automatic;
				CURRENT_PROJECT_VERSION = 1;
				DEVELOPMENT_TEAM = C7T7MNSP5C;
				GENERATE_INFOPLIST_FILE = YES;
				INFOPLIST_FILE = AppStore/Info.plist;
				INFOPLIST_KEY_UIApplicationSupportsIndirectInputEvents = YES;
				INFOPLIST_KEY_UILaunchStoryboardName = LaunchScreen;
				INFOPLIST_KEY_UISupportedInterfaceOrientations = UIInterfaceOrientationPortrait;
				INFOPLIST_KEY_UISupportedInterfaceOrientations_iPad = UIInterfaceOrientationLandscapeRight;
				LD_RUNPATH_SEARCH_PATHS = (
					"$(inherited)",
					"@executable_path/Frameworks",
				);
				MARKETING_VERSION = 1.0;
				PRODUCT_BUNDLE_IDENTIFIER = com.muratceyhun.AppStore;
				PRODUCT_NAME = "$(TARGET_NAME)";
				SUPPORTED_PLATFORMS = "iphoneos iphonesimulator";
				SUPPORTS_MACCATALYST = NO;
				SUPPORTS_MAC_DESIGNED_FOR_IPHONE_IPAD = NO;
				SWIFT_EMIT_LOC_STRINGS = YES;
				SWIFT_VERSION = 5.0;
				TARGETED_DEVICE_FAMILY = 1;
			};
			name = Debug;
		};
		434D14F829F867C6003C7216 /* Release */ = {
			isa = XCBuildConfiguration;
			baseConfigurationReference = 75CCA8E3F52E260189711E05 /* Pods-AppStore.release.xcconfig */;
			buildSettings = {
				ASSETCATALOG_COMPILER_APPICON_NAME = AppIcon;
				ASSETCATALOG_COMPILER_GLOBAL_ACCENT_COLOR_NAME = AccentColor;
				CODE_SIGN_STYLE = Automatic;
				CURRENT_PROJECT_VERSION = 1;
				DEVELOPMENT_TEAM = C7T7MNSP5C;
				GENERATE_INFOPLIST_FILE = YES;
				INFOPLIST_FILE = AppStore/Info.plist;
				INFOPLIST_KEY_UIApplicationSupportsIndirectInputEvents = YES;
				INFOPLIST_KEY_UILaunchStoryboardName = LaunchScreen;
				INFOPLIST_KEY_UISupportedInterfaceOrientations = UIInterfaceOrientationPortrait;
				INFOPLIST_KEY_UISupportedInterfaceOrientations_iPad = UIInterfaceOrientationLandscapeRight;
				LD_RUNPATH_SEARCH_PATHS = (
					"$(inherited)",
					"@executable_path/Frameworks",
				);
				MARKETING_VERSION = 1.0;
				PRODUCT_BUNDLE_IDENTIFIER = com.muratceyhun.AppStore;
				PRODUCT_NAME = "$(TARGET_NAME)";
				SUPPORTED_PLATFORMS = "iphoneos iphonesimulator";
				SUPPORTS_MACCATALYST = NO;
				SUPPORTS_MAC_DESIGNED_FOR_IPHONE_IPAD = NO;
				SWIFT_EMIT_LOC_STRINGS = YES;
				SWIFT_VERSION = 5.0;
				TARGETED_DEVICE_FAMILY = 1;
			};
			name = Release;
		};
/* End XCBuildConfiguration section */

/* Begin XCConfigurationList section */
		434D14DD29F867C5003C7216 /* Build configuration list for PBXProject "AppStore" */ = {
			isa = XCConfigurationList;
			buildConfigurations = (
				434D14F429F867C6003C7216 /* Debug */,
				434D14F529F867C6003C7216 /* Release */,
			);
			defaultConfigurationIsVisible = 0;
			defaultConfigurationName = Release;
		};
		434D14F629F867C6003C7216 /* Build configuration list for PBXNativeTarget "AppStore" */ = {
			isa = XCConfigurationList;
			buildConfigurations = (
				434D14F729F867C6003C7216 /* Debug */,
				434D14F829F867C6003C7216 /* Release */,
			);
			defaultConfigurationIsVisible = 0;
			defaultConfigurationName = Release;
		};
/* End XCConfigurationList section */
	};
	rootObject = 434D14DA29F867C5003C7216 /* Project object */;
}
